{
  "object": {
    "pins": [
      {
        "package": "Base32",
        "repositoryURL": "https://github.com/norio-nomura/Base32",
        "state": {
          "branch": null,
          "revision": "f235579fee2633320047dc12caed7ebd738fa77f",
          "version": "0.7.0"
        }
      },
      {
        "package": "Cryptor",
        "repositoryURL": "https://github.com/IBM-Swift/BlueCryptor.git",
        "state": {
          "branch": null,
          "revision": "6f79b4ea0a7ef8acb08ba3f3e23da32e83acaca3",
          "version": "1.0.28"
        }
      },
      {
        "package": "Commander",
        "repositoryURL": "https://github.com/kylef/Commander",
        "state": {
          "branch": null,
          "revision": "e5b50ad7b2e91eeb828393e89b03577b16be7db9",
          "version": "0.8.0"
        }
      },
      {
        "package": "KeychainAccess",
        "repositoryURL": "https://github.com/kishikawakatsumi/KeychainAccess",
        "state": {
          "branch": null,
          "revision": "0046db4ab8fd7be31a59e57912dbb96639ad8ce9",
          "version": "3.2.0"
        }
      },
      {
        "package": "OneTimePassword",
        "repositoryURL": "https://github.com/kirsis/OneTimePassword",
        "state": {
          "branch": "swiftpmtest",
          "revision": "a9ffb255f8d9968d782f4e25614de71a5a63c37b",
          "version": null
        }
      },
      {
        "package": "Rainbow",
        "repositoryURL": "https://github.com/onevcat/Rainbow",
        "state": {
          "branch": null,
          "revision": "9c52c1952e9b2305d4507cf473392ac2d7c9b155",
          "version": "3.1.5"
        }
      },
      {
        "package": "Spectre",
        "repositoryURL": "https://github.com/kylef/Spectre.git",
        "state": {
          "branch": null,
          "revision": "f14ff47f45642aa5703900980b014c2e9394b6e5",
          "version": "0.9.0"
        }
      }
    ]
  },
  "version": 1
}
